
Microsoft Visual Studio Solution File, Format Version 12.00
# Visual Studio Version 16
VisualStudioVersion = 16.0.30330.147
MinimumVisualStudioVersion = 10.0.40219.1
Project("{FAE04EC0-301F-11D3-BF4B-00C04F79EFBC}") = "AnimationChart", "AnimationChart\AnimationChart.csproj", "{DC6DDF0E-BC39-489A-9979-D0DA0972F89C}"
EndProject
Project("{FAE04EC0-301F-11D3-BF4B-00C04F79EFBC}") = "AnimationChartWeb", "AnimationChartWeb\AnimationChartWeb.csproj", "{B4D8AE23-D2A1-47C1-B92E-5733A021A55D}"
EndProject
Global
	GlobalSection(SolutionConfigurationPlatforms) = preSolution
		Debug|Any CPU = Debug|Any CPU
		Release|Any CPU = Release|Any CPU
	EndGlobalSection
	GlobalSection(ProjectConfigurationPlatforms) = postSolution
		{DC6DDF0E-BC39-489A-9979-D0DA0972F89C}.Debug|Any CPU.ActiveCfg = Debug|Any CPU
		{DC6DDF0E-BC39-489A-9979-D0DA0972F89C}.Debug|Any CPU.Build.0 = Debug|Any CPU
		{DC6DDF0E-BC39-489A-9979-D0DA0972F89C}.Debug|Any CPU.Deploy.0 = Debug|Any CPU
		{DC6DDF0E-BC39-489A-9979-D0DA0972F89C}.Release|Any CPU.ActiveCfg = Release|Any CPU
		{DC6DDF0E-BC39-489A-9979-D0DA0972F89C}.Release|Any CPU.Build.0 = Release|Any CPU
		{DC6DDF0E-BC39-489A-9979-D0DA0972F89C}.Release|Any CPU.Deploy.0 = Release|Any CPU
		{B4D8AE23-D2A1-47C1-B92E-5733A021A55D}.Debug|Any CPU.ActiveCfg = Debug|Any CPU
		{B4D8AE23-D2A1-47C1-B92E-5733A021A55D}.Debug|Any CPU.Build.0 = Debug|Any CPU
		{B4D8AE23-D2A1-47C1-B92E-5733A021A55D}.Release|Any CPU.ActiveCfg = Release|Any CPU
		{B4D8AE23-D2A1-47C1-B92E-5733A021A55D}.Release|Any CPU.Build.0 = Release|Any CPU
	EndGlobalSection
	GlobalSection(SolutionProperties) = preSolution
		HideSolutionNode = FALSE
	EndGlobalSection
	GlobalSection(ExtensibilityGlobals) = postSolution
		SolutionGuid = {A011AFF9-E3A4-4692-8F73-8431E8BB0B45}
	EndGlobalSection
EndGlobal
